{
  "name": "arkon-enterprise-management-platform",
  "version": "1.0.0",
  "lockfileVersion": 3,
  "requires": true,
  "packages": {
    "": {
      "name": "arkon-enterprise-management-platform",
      "version": "1.0.0",
      "dependencies": {
        "@supabase/supabase-js": "^2.57.4",
        "jsqr": "^1.4.0",
        "lucide-react": "^0.344.0",
        "react": "^18.3.1",
        "react-dom": "^18.3.1",
        "react-router-dom": "^6.26.2"
      },
      "devDependencies": {
        "@eslint/js": "^9.9.1",
        "@types/react": "^18.3.5",
        "@types/react-dom": "^18.3.0",
        "@vitejs/plugin-react": "^4.3.1",
        "autoprefixer": "^10.4.18",
        "eslint": "^9.9.1",
        "eslint-plugin-react-hooks": "^5.1.0-rc.0",
        "eslint-plugin-react-refresh": "^0.4.11",
        "globals": "^15.9.0",
        "postcss": "^8.4.35",
        "tailwindcss": "^3.4.1",
        "typescript": "^5.5.3",
        "typescript-eslint": "^8.3.0",
        "vite": "^5.4.2"
      }
    },
    "node_modules/@alloc/quick-lru": {
      "version": "5.2.0",
      "resolved": "https://registry.npmjs.org/@alloc/quick-lru/-/quick-lru-5.2.0.tgz",
      "integrity": "sha512-UrcABB+4bUrFABdYG5wRr0i+1t6RlN1lN1+Lq3Kl5+3x6Q5yFxb2V4uLkE3XPoqs7m7xK9J0TlM4DA7p7Y2f1w==",
      "dev": true,
      "engines": {
        "node": ">=10"
      },
      "funding": {
        "url": "https://github.com/sponsors/sindresorhus"
      }
    },
    "node_modules/@ampproject/remapping": {
      "version": "2.3.0",
      "resolved": "https://registry.npmjs.org/@ampproject/remapping/-/remapping-2.3.0.tgz",
      "integrity": "sha512-30iZtAPgz+LTIYoeivqYo853f02jBYSd5uGnGpkFV0M3xOt9Ak73W0/2K2Q9bJi3lNkx3d2m5p9rU+7lU0nWQ==",
      "dev": true,
      "dependencies": {
        "@jridgewell/gen-mapping": "^0.3.5",
        "@jridgewell/trace-mapping": "^0.3.24"
      },
      "engines": {
        "node": ">=6.0.0"
      }
    },
    "node_modules/@babel/code-frame": {
      "version": "7.25.7",
      "resolved": "https://registry.npmjs.org/@babel/code-frame/-/code-frame-7.25.7.tgz",
      "integrity": "sha512-0xZJFNE5XMpENsgfHYTw8FbX4kv53mFLn2i3dOq7v+4mQy+chq8R5N4VfPC1XG5xXl0WAc+4B+8+5X4xz9TsQ==",
      "dev": true,
      "dependencies": {
        "@babel/highlight": "^7.25.7",
        "picocolors": "^1.0.0"
      },
      "engines": {
        "node": ">=6.9.0"
      }
    },
    "node_modules/@babel/compat-data": {
      "version": "7.25.7",
      "resolved": "https://registry.npmjs.org/@babel/compat-data/-/compat-data-7.25.7.tgz",
      "integrity": "sha512-9ickoLz+hcqi5j0o/PXJz4D5v4z2A7W7J7kx7GwR0vJ1d8Jw4QhDYCeh7J9Xg4mM2f0b6X7/7W3pwpZfXr3Xw==",
      "dev": true,
      "engines": {
        "node": ">=6.9.0"
      }
    },
    "node_modules/@babel/core": {
      "version": "7.25.7",
      "resolved": "https://registry.npmjs.org/@babel/core/-/core-7.25.7.tgz",
      "integrity": "sha512-yJ474Zv3cwiSOO9nXJuqzvwEeMchh3Kf0yK3x7W7J2Gh2M0YvKZ3K3K7W7J2Gh2M0YvKZ3K3K7W7J2Gh2M0YvKZ==",
      "dev": true,
      "dependencies": {
        "@ampproject/remapping": "^2.2.0",
        "@babel/code-frame": "^7.25.7",
        "@babel/generator": "^7.25.7",
        "@babel/helper-compilation-targets": "^7.25.7",
        "@babel/helper-module-transforms": "^7.25.7",
        "@babel/helpers": "^7.25.7",
        "@babel/parser": "^7.25.7",
        "@babel/template": "^7.25.7",
        "@babel/traverse": "^7.25.7",
        "@babel/types": "^7.25.7",
        "convert-source-map": "^2.0.0",
        "debug": "^4.1.0",
        "gensync": "^1.0.0-beta.2",
        "json5": "^2.2.3",
        "semver": "^6.3.1"
      },
      "engines": {
        "node": ">=6.9.0"
      },
      "funding": {
        "type": "opencollective",
        "url": "https://opencollective.com/babel"
      }
    }
  }
}